
Microsoft Visual Studio Solution File, Format Version 12.00
# Visual Studio Version 17
VisualStudioVersion = 17.5.002.0
MinimumVisualStudioVersion = 10.0.40219.1
Project("{9A19103F-16F7-4668-BE54-9A1E7A4F7556}") = "Beecrowd", "Beecrowd.csproj", "{3343D57A-BAA5-465C-A84D-237C93C2747B}"
EndProject
Project("{2150E333-8FDC-42A3-9474-1A3956D46DE8}") = "C#", "C#", "{0936EE0B-95B5-43AC-9CBA-1B849D5C9329}"
EndProject
Project("{9A19103F-16F7-4668-BE54-9A1E7A4F7556}") = "C#", "C#\ep0001\C#.csproj", "{4B0DF03A-F8D9-4A08-926F-7646AC340FAB}"
EndProject
Project("{9A19103F-16F7-4668-BE54-9A1E7A4F7556}") = "ep1001", "C#\ep1001\ep1001.csproj", "{21590493-ED11-4872-A952-ADC9F56CFC88}"
EndProject
Project("{9A19103F-16F7-4668-BE54-9A1E7A4F7556}") = "ex1002", "C#\ex1002\ex1002.csproj", "{19A35FE9-32BD-425C-A871-20D1C97218DC}"
EndProject
Project("{9A19103F-16F7-4668-BE54-9A1E7A4F7556}") = "ex1003", "C#\ex1003\ex1003.csproj", "{AEAF131D-CA90-4DC8-A8B3-F1BA1183806E}"
EndProject
Project("{9A19103F-16F7-4668-BE54-9A1E7A4F7556}") = "ex1004", "C#\ex1004\ex1004.csproj", "{51BA5C4E-73F6-4120-AE03-B3BD9DA79AE3}"
EndProject
Project("{9A19103F-16F7-4668-BE54-9A1E7A4F7556}") = "ex1005", "C#\ex1005\ex1005.csproj", "{C5E90B21-379F-49E7-B84D-9F2B5BF01543}"
EndProject
Project("{9A19103F-16F7-4668-BE54-9A1E7A4F7556}") = "C# (1)", "C#\ex1006\C#.csproj", "{B282730D-5CFC-4BDF-A15A-BF4366A5593D}"
EndProject
Project("{9A19103F-16F7-4668-BE54-9A1E7A4F7556}") = "ex1007", "C#\ex1007\ex1007.csproj", "{6B3F71F6-6270-4420-9791-C8ACB70B2AF6}"
EndProject
Global
	GlobalSection(SolutionConfigurationPlatforms) = preSolution
		Debug|Any CPU = Debug|Any CPU
		Release|Any CPU = Release|Any CPU
	EndGlobalSection
	GlobalSection(ProjectConfigurationPlatforms) = postSolution
		{3343D57A-BAA5-465C-A84D-237C93C2747B}.Debug|Any CPU.ActiveCfg = Debug|Any CPU
		{3343D57A-BAA5-465C-A84D-237C93C2747B}.Debug|Any CPU.Build.0 = Debug|Any CPU
		{3343D57A-BAA5-465C-A84D-237C93C2747B}.Release|Any CPU.ActiveCfg = Release|Any CPU
		{3343D57A-BAA5-465C-A84D-237C93C2747B}.Release|Any CPU.Build.0 = Release|Any CPU
		{4B0DF03A-F8D9-4A08-926F-7646AC340FAB}.Debug|Any CPU.ActiveCfg = Debug|Any CPU
		{4B0DF03A-F8D9-4A08-926F-7646AC340FAB}.Debug|Any CPU.Build.0 = Debug|Any CPU
		{4B0DF03A-F8D9-4A08-926F-7646AC340FAB}.Release|Any CPU.ActiveCfg = Release|Any CPU
		{4B0DF03A-F8D9-4A08-926F-7646AC340FAB}.Release|Any CPU.Build.0 = Release|Any CPU
		{21590493-ED11-4872-A952-ADC9F56CFC88}.Debug|Any CPU.ActiveCfg = Debug|Any CPU
		{21590493-ED11-4872-A952-ADC9F56CFC88}.Debug|Any CPU.Build.0 = Debug|Any CPU
		{21590493-ED11-4872-A952-ADC9F56CFC88}.Release|Any CPU.ActiveCfg = Release|Any CPU
		{21590493-ED11-4872-A952-ADC9F56CFC88}.Release|Any CPU.Build.0 = Release|Any CPU
		{19A35FE9-32BD-425C-A871-20D1C97218DC}.Debug|Any CPU.ActiveCfg = Debug|Any CPU
		{19A35FE9-32BD-425C-A871-20D1C97218DC}.Debug|Any CPU.Build.0 = Debug|Any CPU
		{19A35FE9-32BD-425C-A871-20D1C97218DC}.Release|Any CPU.ActiveCfg = Release|Any CPU
		{19A35FE9-32BD-425C-A871-20D1C97218DC}.Release|Any CPU.Build.0 = Release|Any CPU
		{AEAF131D-CA90-4DC8-A8B3-F1BA1183806E}.Debug|Any CPU.ActiveCfg = Debug|Any CPU
		{AEAF131D-CA90-4DC8-A8B3-F1BA1183806E}.Debug|Any CPU.Build.0 = Debug|Any CPU
		{AEAF131D-CA90-4DC8-A8B3-F1BA1183806E}.Release|Any CPU.ActiveCfg = Release|Any CPU
		{AEAF131D-CA90-4DC8-A8B3-F1BA1183806E}.Release|Any CPU.Build.0 = Release|Any CPU
		{51BA5C4E-73F6-4120-AE03-B3BD9DA79AE3}.Debug|Any CPU.ActiveCfg = Debug|Any CPU
		{51BA5C4E-73F6-4120-AE03-B3BD9DA79AE3}.Debug|Any CPU.Build.0 = Debug|Any CPU
		{51BA5C4E-73F6-4120-AE03-B3BD9DA79AE3}.Release|Any CPU.ActiveCfg = Release|Any CPU
		{51BA5C4E-73F6-4120-AE03-B3BD9DA79AE3}.Release|Any CPU.Build.0 = Release|Any CPU
		{C5E90B21-379F-49E7-B84D-9F2B5BF01543}.Debug|Any CPU.ActiveCfg = Debug|Any CPU
		{C5E90B21-379F-49E7-B84D-9F2B5BF01543}.Debug|Any CPU.Build.0 = Debug|Any CPU
		{C5E90B21-379F-49E7-B84D-9F2B5BF01543}.Release|Any CPU.ActiveCfg = Release|Any CPU
		{C5E90B21-379F-49E7-B84D-9F2B5BF01543}.Release|Any CPU.Build.0 = Release|Any CPU
		{B282730D-5CFC-4BDF-A15A-BF4366A5593D}.Debug|Any CPU.ActiveCfg = Debug|Any CPU
		{B282730D-5CFC-4BDF-A15A-BF4366A5593D}.Debug|Any CPU.Build.0 = Debug|Any CPU
		{B282730D-5CFC-4BDF-A15A-BF4366A5593D}.Release|Any CPU.ActiveCfg = Release|Any CPU
		{B282730D-5CFC-4BDF-A15A-BF4366A5593D}.Release|Any CPU.Build.0 = Release|Any CPU
		{6B3F71F6-6270-4420-9791-C8ACB70B2AF6}.Debug|Any CPU.ActiveCfg = Debug|Any CPU
		{6B3F71F6-6270-4420-9791-C8ACB70B2AF6}.Debug|Any CPU.Build.0 = Debug|Any CPU
		{6B3F71F6-6270-4420-9791-C8ACB70B2AF6}.Release|Any CPU.ActiveCfg = Release|Any CPU
		{6B3F71F6-6270-4420-9791-C8ACB70B2AF6}.Release|Any CPU.Build.0 = Release|Any CPU
	EndGlobalSection
	GlobalSection(SolutionProperties) = preSolution
		HideSolutionNode = FALSE
	EndGlobalSection
	GlobalSection(NestedProjects) = preSolution
		{4B0DF03A-F8D9-4A08-926F-7646AC340FAB} = {0936EE0B-95B5-43AC-9CBA-1B849D5C9329}
		{21590493-ED11-4872-A952-ADC9F56CFC88} = {0936EE0B-95B5-43AC-9CBA-1B849D5C9329}
		{19A35FE9-32BD-425C-A871-20D1C97218DC} = {0936EE0B-95B5-43AC-9CBA-1B849D5C9329}
		{AEAF131D-CA90-4DC8-A8B3-F1BA1183806E} = {0936EE0B-95B5-43AC-9CBA-1B849D5C9329}
		{51BA5C4E-73F6-4120-AE03-B3BD9DA79AE3} = {0936EE0B-95B5-43AC-9CBA-1B849D5C9329}
		{C5E90B21-379F-49E7-B84D-9F2B5BF01543} = {0936EE0B-95B5-43AC-9CBA-1B849D5C9329}
		{B282730D-5CFC-4BDF-A15A-BF4366A5593D} = {0936EE0B-95B5-43AC-9CBA-1B849D5C9329}
		{6B3F71F6-6270-4420-9791-C8ACB70B2AF6} = {0936EE0B-95B5-43AC-9CBA-1B849D5C9329}
	EndGlobalSection
	GlobalSection(ExtensibilityGlobals) = postSolution
		SolutionGuid = {9D98ED0D-6342-427A-A5EA-E4DB8B0104A6}
	EndGlobalSection
EndGlobal
