
Microsoft Visual Studio Solution File, Format Version 12.00
# Visual Studio Version 17
VisualStudioVersion = 17.7.34024.191
MinimumVisualStudioVersion = 10.0.40219.1
Project("{FAE04EC0-301F-11D3-BF4B-00C04F79EFBC}") = "ex1009", "ex1009\ex1009.csproj", "{7B9817CA-46BF-4909-BCBA-136D76261782}"
EndProject
Global
	GlobalSection(SolutionConfigurationPlatforms) = preSolution
		Debug|Any CPU = Debug|Any CPU
		Release|Any CPU = Release|Any CPU
	EndGlobalSection
	GlobalSection(ProjectConfigurationPlatforms) = postSolution
		{7B9817CA-46BF-4909-BCBA-136D76261782}.Debug|Any CPU.ActiveCfg = Debug|Any CPU
		{7B9817CA-46BF-4909-BCBA-136D76261782}.Debug|Any CPU.Build.0 = Debug|Any CPU
		{7B9817CA-46BF-4909-BCBA-136D76261782}.Release|Any CPU.ActiveCfg = Release|Any CPU
		{7B9817CA-46BF-4909-BCBA-136D76261782}.Release|Any CPU.Build.0 = Release|Any CPU
	EndGlobalSection
	GlobalSection(SolutionProperties) = preSolution
		HideSolutionNode = FALSE
	EndGlobalSection
	GlobalSection(ExtensibilityGlobals) = postSolution
		SolutionGuid = {977EE66B-2468-453A-B630-CB7B5F85F6E9}
	EndGlobalSection
EndGlobal
